{
  "name": "3 - Alineación y Estructuras",
  "lockfileVersion": 3,
  "requires": true,
  "packages": {
    "": {
      "dependencies": {
        "pycparser": "^0.0.1"
      }
    },
    "node_modules/pycparser": {
      "version": "0.0.1",
      "resolved": "https://registry.npmjs.org/pycparser/-/pycparser-0.0.1.tgz",
      "integrity": "sha512-EsYKVH86Gy1qjHrS/uXYWuphYjPMALVjg6m180lr5DT+OGrgPOFzd6QF5o8jFOLx3zSPmpQZ9E4G0dHKki8FBg==",
      "license": "ISC"
    }
  }
}
